
Microsoft Visual Studio Solution File, Format Version 12.00
# Visual Studio 15
VisualStudioVersion = 15.0.27428.2037
MinimumVisualStudioVersion = 10.0.40219.1
Project("{FAE04EC0-301F-11D3-BF4B-00C04F79EFBC}") = "IPC247", "IPC247\IPC247.csproj", "{9232A09D-52C1-4FBA-A67C-8BDC8A88F385}"
EndProject
Global
	GlobalSection(SolutionConfigurationPlatforms) = preSolution
		Debug|Any CPU = Debug|Any CPU
		Release|Any CPU = Release|Any CPU
		Url_Connection|Any CPU = Url_Connection|Any CPU
	EndGlobalSection
	GlobalSection(ProjectConfigurationPlatforms) = postSolution
		{9232A09D-52C1-4FBA-A67C-8BDC8A88F385}.Debug|Any CPU.ActiveCfg = Debug|Any CPU
		{9232A09D-52C1-4FBA-A67C-8BDC8A88F385}.Debug|Any CPU.Build.0 = Debug|Any CPU
		{9232A09D-52C1-4FBA-A67C-8BDC8A88F385}.Release|Any CPU.ActiveCfg = Release|Any CPU
		{9232A09D-52C1-4FBA-A67C-8BDC8A88F385}.Release|Any CPU.Build.0 = Release|Any CPU
		{9232A09D-52C1-4FBA-A67C-8BDC8A88F385}.Url_Connection|Any CPU.ActiveCfg = Url_Connection|Any CPU
		{9232A09D-52C1-4FBA-A67C-8BDC8A88F385}.Url_Connection|Any CPU.Build.0 = Url_Connection|Any CPU
	EndGlobalSection
	GlobalSection(SolutionProperties) = preSolution
		HideSolutionNode = FALSE
	EndGlobalSection
	GlobalSection(ExtensibilityGlobals) = postSolution
		SolutionGuid = {79E853F3-EF0C-4030-B105-A62C046B20D2}
	EndGlobalSection
	GlobalSection(TeamFoundationVersionControl) = preSolution
		SccNumberOfProjects = 2
		SccEnterpriseProvider = {4CA58AB2-18FA-4F8D-95D4-32DDF27D184C}
		SccTeamFoundationServer = https://dtson.visualstudio.com/
		SccLocalPath0 = .
		SccProjectUniqueName1 = IPC247\\IPC247.csproj
		SccProjectName1 = IPC247
		SccLocalPath1 = IPC247
	EndGlobalSection
EndGlobal
